
Microsoft Visual Studio Solution File, Format Version 12.00
# Visual Studio 2012
Project("{FAE04EC0-301F-11D3-BF4B-00C04F79EFBC}") = "UniversalXamarinApp", "UniversalXamarinApp\UniversalXamarinApp.csproj", "{B5124179-6FA1-47B1-BE2E-73A8DE5A96B7}"
EndProject
Global
	GlobalSection(SolutionConfigurationPlatforms) = preSolution
		Debug|iPhoneSimulator = Debug|iPhoneSimulator
		Release|iPhone = Release|iPhone
		Release|iPhoneSimulator = Release|iPhoneSimulator
		Debug|iPhone = Debug|iPhone
	EndGlobalSection
	GlobalSection(ProjectConfigurationPlatforms) = postSolution
		{B5124179-6FA1-47B1-BE2E-73A8DE5A96B7}.Debug|iPhoneSimulator.ActiveCfg = Debug|iPhoneSimulator
		{B5124179-6FA1-47B1-BE2E-73A8DE5A96B7}.Debug|iPhoneSimulator.Build.0 = Debug|iPhoneSimulator
		{B5124179-6FA1-47B1-BE2E-73A8DE5A96B7}.Release|iPhone.ActiveCfg = Release|iPhone
		{B5124179-6FA1-47B1-BE2E-73A8DE5A96B7}.Release|iPhone.Build.0 = Release|iPhone
		{B5124179-6FA1-47B1-BE2E-73A8DE5A96B7}.Release|iPhoneSimulator.ActiveCfg = Release|iPhoneSimulator
		{B5124179-6FA1-47B1-BE2E-73A8DE5A96B7}.Release|iPhoneSimulator.Build.0 = Release|iPhoneSimulator
		{B5124179-6FA1-47B1-BE2E-73A8DE5A96B7}.Debug|iPhone.ActiveCfg = Debug|iPhone
		{B5124179-6FA1-47B1-BE2E-73A8DE5A96B7}.Debug|iPhone.Build.0 = Debug|iPhone
	EndGlobalSection
EndGlobal
